github.com/Ilhom5005/bank v0.0.0-20200927113422-b62fb9ad08b3 h1:fuoS4SljBPjknFoQDbdl8u25Tb5G2W/Spiz2hVcWsNg=
github.com/Ilhom5005/bank v0.0.0-20200927113422-b62fb9ad08b3/go.mod h1:CHF6cPsiVj47ewmGizbWrg/nRIXmUN7SvFJCmt25ub8=
github.com/ilhom5005/bank v0.0.0-20200927113422-b62fb9ad08b3 h1:D0GhlXiYgMkklLYsyfwTU65edT5YBUFwLZJ8LZKm0vo=
